
Microsoft Visual Studio Solution File, Format Version 12.00
# Visual Studio 15
VisualStudioVersion = 15.0.27703.2035
MinimumVisualStudioVersion = 10.0.40219.1
Project("{9A19103F-16F7-4668-BE54-9A1E7A4F7556}") = "BandBusiness-I1", "BandBusiness-I1\BandBusiness-I1.csproj", "{AA90A590-0A53-4985-8CC5-2A7910CA7BAE}"
EndProject
Project("{FAE04EC0-301F-11D3-BF4B-00C04F79EFBC}") = "Band.NHibernate", "Band.NHibernate\Band.NHibernate.csproj", "{22796916-4ECF-4A6F-B175-F043255E7E74}"
EndProject
Project("{FAE04EC0-301F-11D3-BF4B-00C04F79EFBC}") = "Band.NHibernate.Entities", "Band.NHibernate.Entities\Band.NHibernate.Entities.csproj", "{105F0169-09AC-47CE-8C2A-58D31B267086}"
EndProject
Global
	GlobalSection(SolutionConfigurationPlatforms) = preSolution
		Debug|Any CPU = Debug|Any CPU
		Release|Any CPU = Release|Any CPU
	EndGlobalSection
	GlobalSection(ProjectConfigurationPlatforms) = postSolution
		{AA90A590-0A53-4985-8CC5-2A7910CA7BAE}.Debug|Any CPU.ActiveCfg = Debug|Any CPU
		{AA90A590-0A53-4985-8CC5-2A7910CA7BAE}.Debug|Any CPU.Build.0 = Debug|Any CPU
		{AA90A590-0A53-4985-8CC5-2A7910CA7BAE}.Release|Any CPU.ActiveCfg = Release|Any CPU
		{AA90A590-0A53-4985-8CC5-2A7910CA7BAE}.Release|Any CPU.Build.0 = Release|Any CPU
		{22796916-4ECF-4A6F-B175-F043255E7E74}.Debug|Any CPU.ActiveCfg = Debug|Any CPU
		{22796916-4ECF-4A6F-B175-F043255E7E74}.Debug|Any CPU.Build.0 = Debug|Any CPU
		{22796916-4ECF-4A6F-B175-F043255E7E74}.Release|Any CPU.ActiveCfg = Release|Any CPU
		{22796916-4ECF-4A6F-B175-F043255E7E74}.Release|Any CPU.Build.0 = Release|Any CPU
		{105F0169-09AC-47CE-8C2A-58D31B267086}.Debug|Any CPU.ActiveCfg = Debug|Any CPU
		{105F0169-09AC-47CE-8C2A-58D31B267086}.Debug|Any CPU.Build.0 = Debug|Any CPU
		{105F0169-09AC-47CE-8C2A-58D31B267086}.Release|Any CPU.ActiveCfg = Release|Any CPU
		{105F0169-09AC-47CE-8C2A-58D31B267086}.Release|Any CPU.Build.0 = Release|Any CPU
	EndGlobalSection
	GlobalSection(SolutionProperties) = preSolution
		HideSolutionNode = FALSE
	EndGlobalSection
	GlobalSection(ExtensibilityGlobals) = postSolution
		SolutionGuid = {7E52F52E-0BC2-484E-BE98-C58039BE782C}
	EndGlobalSection
EndGlobal
